
Microsoft Visual Studio Solution File, Format Version 12.00
# Visual Studio 15
VisualStudioVersion = 15.0.27130.2036
MinimumVisualStudioVersion = 10.0.40219.1
Project("{8BC9CEB8-8B4A-11D0-8D11-00A0C91BC942}") = "FirstApp", "FirstApp\FirstApp.vcxproj", "{5D3A20C1-012F-431D-B5DF-5A0942D20911}"
EndProject
Project("{8BC9CEB8-8B4A-11D0-8D11-00A0C91BC942}") = "SecondApp", "SecondApp\SecondApp.vcxproj", "{57A9573D-6860-43F9-8BC9-17942E3DAEF1}"
EndProject
Global
	GlobalSection(SolutionConfigurationPlatforms) = preSolution
		Debug|x64 = Debug|x64
		Debug|x86 = Debug|x86
		Release|x64 = Release|x64
		Release|x86 = Release|x86
	EndGlobalSection
	GlobalSection(ProjectConfigurationPlatforms) = postSolution
		{5D3A20C1-012F-431D-B5DF-5A0942D20911}.Debug|x64.ActiveCfg = Debug|x64
		{5D3A20C1-012F-431D-B5DF-5A0942D20911}.Debug|x64.Build.0 = Debug|x64
		{5D3A20C1-012F-431D-B5DF-5A0942D20911}.Debug|x86.ActiveCfg = Debug|Win32
		{5D3A20C1-012F-431D-B5DF-5A0942D20911}.Debug|x86.Build.0 = Debug|Win32
		{5D3A20C1-012F-431D-B5DF-5A0942D20911}.Release|x64.ActiveCfg = Release|x64
		{5D3A20C1-012F-431D-B5DF-5A0942D20911}.Release|x64.Build.0 = Release|x64
		{5D3A20C1-012F-431D-B5DF-5A0942D20911}.Release|x86.ActiveCfg = Release|Win32
		{5D3A20C1-012F-431D-B5DF-5A0942D20911}.Release|x86.Build.0 = Release|Win32
		{57A9573D-6860-43F9-8BC9-17942E3DAEF1}.Debug|x64.ActiveCfg = Debug|x64
		{57A9573D-6860-43F9-8BC9-17942E3DAEF1}.Debug|x64.Build.0 = Debug|x64
		{57A9573D-6860-43F9-8BC9-17942E3DAEF1}.Debug|x86.ActiveCfg = Debug|Win32
		{57A9573D-6860-43F9-8BC9-17942E3DAEF1}.Debug|x86.Build.0 = Debug|Win32
		{57A9573D-6860-43F9-8BC9-17942E3DAEF1}.Release|x64.ActiveCfg = Release|x64
		{57A9573D-6860-43F9-8BC9-17942E3DAEF1}.Release|x64.Build.0 = Release|x64
		{57A9573D-6860-43F9-8BC9-17942E3DAEF1}.Release|x86.ActiveCfg = Release|Win32
		{57A9573D-6860-43F9-8BC9-17942E3DAEF1}.Release|x86.Build.0 = Release|Win32
	EndGlobalSection
	GlobalSection(SolutionProperties) = preSolution
		HideSolutionNode = FALSE
	EndGlobalSection
	GlobalSection(ExtensibilityGlobals) = postSolution
		SolutionGuid = {E5493A4E-CFB9-4F03-83A3-32E27ACDE741}
	EndGlobalSection
EndGlobal
