
Microsoft Visual Studio Solution File, Format Version 12.00
# Visual Studio 15
VisualStudioVersion = 15.0.27130.2036
MinimumVisualStudioVersion = 10.0.40219.1
Project("{8BC9CEB8-8B4A-11D0-8D11-00A0C91BC942}") = "ChapterFour", "ChapterFour\ChapterFour.vcxproj", "{0AE45E9B-5DB3-4FAD-A6F9-40C759899299}"
EndProject
Project("{8BC9CEB8-8B4A-11D0-8D11-00A0C91BC942}") = "ChapterTwo", "ChapterTwo\ChapterTwo.vcxproj", "{A619FDB5-1976-4456-8C9F-38CBA5C79CC2}"
EndProject
Project("{8BC9CEB8-8B4A-11D0-8D11-00A0C91BC942}") = "ChapterThree", "ChapterThree\ChapterThree.vcxproj", "{B8330132-7869-4C23-8133-880037DD6B19}"
EndProject
Global
	GlobalSection(SolutionConfigurationPlatforms) = preSolution
		Debug|x64 = Debug|x64
		Debug|x86 = Debug|x86
		Release|x64 = Release|x64
		Release|x86 = Release|x86
	EndGlobalSection
	GlobalSection(ProjectConfigurationPlatforms) = postSolution
		{0AE45E9B-5DB3-4FAD-A6F9-40C759899299}.Debug|x64.ActiveCfg = Debug|x64
		{0AE45E9B-5DB3-4FAD-A6F9-40C759899299}.Debug|x64.Build.0 = Debug|x64
		{0AE45E9B-5DB3-4FAD-A6F9-40C759899299}.Debug|x86.ActiveCfg = Debug|Win32
		{0AE45E9B-5DB3-4FAD-A6F9-40C759899299}.Debug|x86.Build.0 = Debug|Win32
		{0AE45E9B-5DB3-4FAD-A6F9-40C759899299}.Release|x64.ActiveCfg = Release|x64
		{0AE45E9B-5DB3-4FAD-A6F9-40C759899299}.Release|x64.Build.0 = Release|x64
		{0AE45E9B-5DB3-4FAD-A6F9-40C759899299}.Release|x86.ActiveCfg = Release|Win32
		{0AE45E9B-5DB3-4FAD-A6F9-40C759899299}.Release|x86.Build.0 = Release|Win32
		{A619FDB5-1976-4456-8C9F-38CBA5C79CC2}.Debug|x64.ActiveCfg = Debug|x64
		{A619FDB5-1976-4456-8C9F-38CBA5C79CC2}.Debug|x64.Build.0 = Debug|x64
		{A619FDB5-1976-4456-8C9F-38CBA5C79CC2}.Debug|x86.ActiveCfg = Debug|Win32
		{A619FDB5-1976-4456-8C9F-38CBA5C79CC2}.Debug|x86.Build.0 = Debug|Win32
		{A619FDB5-1976-4456-8C9F-38CBA5C79CC2}.Release|x64.ActiveCfg = Release|x64
		{A619FDB5-1976-4456-8C9F-38CBA5C79CC2}.Release|x64.Build.0 = Release|x64
		{A619FDB5-1976-4456-8C9F-38CBA5C79CC2}.Release|x86.ActiveCfg = Release|Win32
		{A619FDB5-1976-4456-8C9F-38CBA5C79CC2}.Release|x86.Build.0 = Release|Win32
		{B8330132-7869-4C23-8133-880037DD6B19}.Debug|x64.ActiveCfg = Debug|x64
		{B8330132-7869-4C23-8133-880037DD6B19}.Debug|x64.Build.0 = Debug|x64
		{B8330132-7869-4C23-8133-880037DD6B19}.Debug|x86.ActiveCfg = Debug|Win32
		{B8330132-7869-4C23-8133-880037DD6B19}.Debug|x86.Build.0 = Debug|Win32
		{B8330132-7869-4C23-8133-880037DD6B19}.Release|x64.ActiveCfg = Release|x64
		{B8330132-7869-4C23-8133-880037DD6B19}.Release|x64.Build.0 = Release|x64
		{B8330132-7869-4C23-8133-880037DD6B19}.Release|x86.ActiveCfg = Release|Win32
		{B8330132-7869-4C23-8133-880037DD6B19}.Release|x86.Build.0 = Release|Win32
	EndGlobalSection
	GlobalSection(SolutionProperties) = preSolution
		HideSolutionNode = FALSE
	EndGlobalSection
	GlobalSection(ExtensibilityGlobals) = postSolution
		SolutionGuid = {E5493A4E-CFB9-4F03-83A3-32E27ACDE741}
	EndGlobalSection
EndGlobal
